{
  "name": "@briine/league",
  "version": "1.0.0",
  "lockfileVersion": 3,
  "requires": true,
  "packages": {
    "": {
      "name": "@briine/league",
      "version": "1.0.0",
      "license": "ISC",
      "dependencies": {
        "@briine/sdk": "^0.2.0"
      }
    },
    "node_modules/@briine/sdk": {
      "version": "0.2.0",
      "resolved": "https://registry.npmjs.org/@briine/sdk/-/sdk-0.2.0.tgz",
      "integrity": "sha512-QH1o+ptNUHuWjL6gk68rUFdoe7ftLma9vQcf1UlixJTd63U9v7oE04K/k8uJGXgnidVrsmY7ymjSlLpnau8/Gw==",
      "license": "MIT",
      "dependencies": {
        "ws": "^8.21.1"
      },
      "engines": {
        "node": ">=20"
      }
    },
    "node_modules/ws": {
      "version": "8.21.3",
      "resolved": "https://registry.npmjs.org/ws/-/ws-8.21.3.tgz",
      "integrity": "sha512-201TZ/kPWxoPr/OKWjquZR1SWKXcvxdH+e1xrx89b3YbmzLMFCLfnaG1HFIgWzJOEWZ7MvpK++odZufgYR50Rw==",
      "license": "MIT",
      "engines": {
        "node": ">=10.0.0"
      },
      "peerDependencies": {
        "bufferutil": "^4.0.1",
        "utf-8-validate": ">=5.0.2"
      },
      "peerDependenciesMeta": {
        "bufferutil": {
          "optional": true
        },
        "utf-8-validate": {
          "optional": true
        }
      }
    }
  }
}
